// !$*UTF8*$!
{
	archiveVersion = 1;
	classes = {
	};
	objectVersion = 50;
	objects = {

/* Begin PBXBuildFile section */
		BA468280246F27CB00E1117C /* AppDelegate.swift in Sources */ = {isa = PBXBuildFile; fileRef = BA46827F246F27CB00E1117C /* AppDelegate.swift */; };
		BA468282246F27CB00E1117C /* SceneDelegate.swift in Sources */ = {isa = PBXBuildFile; fileRef = BA468281246F27CB00E1117C /* SceneDelegate.swift */; };
		BA468284246F27CB00E1117C /* ViewController.swift in Sources */ = {isa = PBXBuildFile; fileRef = BA468283246F27CB00E1117C /* ViewController.swift */; };
		BA468287246F27CB00E1117C /* Main.storyboard in Resources */ = {isa = PBXBuildFile; fileRef = BA468285246F27CB00E1117C /* Main.storyboard */; };
		BA46828A246F27CB00E1117C /* FingerPainting.xcdatamodeld in Sources */ = {isa = PBXBuildFile; fileRef = BA468288246F27CB00E1117C /* FingerPainting.xcdatamodeld */; };
		BA46828C246F27CD00E1117C /* Assets.xcassets in Resources */ = {isa = PBXBuildFile; fileRef = BA46828B246F27CD00E1117C /* Assets.xcassets */; };
		BA46828F246F27CD00E1117C /* LaunchScreen.storyboard in Resources */ = {isa = PBXBuildFile; fileRef = BA46828D246F27CD00E1117C /* LaunchScreen.storyboard */; };
/* End PBXBuildFile section */

/* Begin PBXFileReference section */
		BA46827C246F27CB00E1117C /* FingerPainting.app */ = {isa = PBXFileReference; explicitFileType = wrapper.application; includeInIndex = 0; path = FingerPainting.app; sourceTree = BUILT_PRODUCTS_DIR; };
		BA46827F246F27CB00E1117C /* AppDelegate.swift */ = {isa = PBXFileReference; lastKnownFileType = sourcecode.swift; path = AppDelegate.swift; sourceTree = "<group>"; };
		BA468281246F27CB00E1117C /* SceneDelegate.swift */ = {isa = PBXFileReference; lastKnownFileType = sourcecode.swift; path = SceneDelegate.swift; sourceTree = "<group>"; };
		BA468283246F27CB00E1117C /* ViewController.swift */ = {isa = PBXFileReference; lastKnownFileType = sourcecode.swift; path = ViewController.swift; sourceTree = "<group>"; };
		BA468286246F27CB00E1117C /* Base */ = {isa = PBXFileReference; lastKnownFileType = file.storyboard; name = Base; path = Base.lproj/Main.storyboard; sourceTree = "<group>"; };
		BA468289246F27CB00E1117C /* FingerPainting.xcdatamodel */ = {isa = PBXFileReference; lastKnownFileType = wrapper.xcdatamodel; path = FingerPainting.xcdatamodel; sourceTree = "<group>"; };
		BA46828B246F27CD00E1117C /* Assets.xcassets */ = {isa = PBXFileReference; lastKnownFileType = folder.assetcatalog; path = Assets.xcassets; sourceTree = "<group>"; };
		BA46828E246F27CD00E1117C /* Base */ = {isa = PBXFileReference; lastKnownFileType = file.storyboard; name = Base; path = Base.lproj/LaunchScreen.storyboard; sourceTree = "<group>"; };
		BA468290246F27CD00E1117C /* Info.plist */ = {isa = PBXFileReference; lastKnownFileType = text.plist.xml; path = Info.plist; sourceTree = "<group>"; };
/* End PBXFileReference section */

/* Begin PBXFrameworksBuildPhase section */
		BA468279246F27CB00E1117C /* Frameworks */ = {
			isa = PBXFrameworksBuildPhase;
			buildActionMask = 2147483647;
			files = (
			);
			runOnlyForDeploymentPostprocessing = 0;
		};
/* End PBXFrameworksBuildPhase section */

/* Begin PBXGroup section */
		BA468273246F27CB00E1117C = {
			isa = PBXGroup;
			children = (
				BA46827E246F27CB00E1117C /* FingerPainting */,
				BA46827D246F27CB00E1117C /* Products */,
			);
			sourceTree = "<group>";
		};
		BA46827D246F27CB00E1117C /* Products */ = {
			isa = PBXGroup;
			children = (
				BA46827C246F27CB00E1117C /* FingerPainting.app */,
			);
			name = Products;
			sourceTree = "<group>";
		};
		BA46827E246F27CB00E1117C /* FingerPainting */ = {
			isa = PBXGroup;
			children = (
				BA46827F246F27CB00E1117C /* AppDelegate.swift */,
				BA468281246F27CB00E1117C /* SceneDelegate.swift */,
				BA468283246F27CB00E1117C /* ViewController.swift */,
				BA468285246F27CB00E1117C /* Main.storyboard */,
				BA46828B246F27CD00E1117C /* Assets.xcassets */,
				BA46828D246F27CD00E1117C /* LaunchScreen.storyboard */,
				BA468290246F27CD00E1117C /* Info.plist */,
				BA468288246F27CB00E1117C /* FingerPainting.xcdatamodeld */,
			);
			path = FingerPainting;
			sourceTree = "<group>";
		};
/* End PBXGroup section */

/* Begin PBXNativeTarget section */
		BA46827B246F27CB00E1117C /* FingerPainting */ = {
			isa = PBXNativeTarget;
			buildConfigurationList = BA468293246F27CD00E1117C /* Build configuration list for PBXNativeTarget "FingerPainting" */;
			buildPhases = (
				BA468278246F27CB00E1117C /* Sources */,
				BA468279246F27CB00E1117C /* Frameworks */,
				BA46827A246F27CB00E1117C /* Resources */,
			);
			buildRules = (
			);
			dependencies = (
			);
			name = FingerPainting;
			productName = FingerPainting;
			productReference = BA46827C246F27CB00E1117C /* FingerPainting.app */;
			productType = "com.apple.product-type.application";
		};
/* End PBXNativeTarget section */

/* Begin PBXProject section */
		BA468274246F27CB00E1117C /* Project object */ = {
			isa = PBXProject;
			attributes = {
				LastSwiftUpdateCheck = 1140;
				LastUpgradeCheck = 1140;
				ORGANIZATIONNAME = "Timothy Adamcik";
				TargetAttributes = {
					BA46827B246F27CB00E1117C = {
						CreatedOnToolsVersion = 11.4.1;
					};
				};
			};
			buildConfigurationList = BA468277246F27CB00E1117C /* Build configuration list for PBXProject "FingerPainting" */;
			compatibilityVersion = "Xcode 9.3";
			developmentRegion = en;
			hasScannedForEncodings = 0;
			knownRegions = (
				en,
				Base,
			);
			mainGroup = BA468273246F27CB00E1117C;
			productRefGroup = BA46827D246F27CB00E1117C /* Products */;
			projectDirPath = "";
			projectRoot = "";
			targets = (
				BA46827B246F27CB00E1117C /* FingerPainting */,
			);
		};
/* End PBXProject section */

/* Begin PBXResourcesBuildPhase section */
		BA46827A246F27CB00E1117C /* Resources */ = {
			isa = PBXResourcesBuildPhase;
			buildActionMask = 2147483647;
			files = (
				BA46828F246F27CD00E1117C /* LaunchScreen.storyboard in Resources */,
				BA46828C246F27CD00E1117C /* Assets.xcassets in Resources */,
				BA468287246F27CB00E1117C /* Main.storyboard in Resources */,
			);
			runOnlyForDeploymentPostprocessing = 0;
		};
/* End PBXResourcesBuildPhase section */

/* Begin PBXSourcesBuildPhase section */
		BA468278246F27CB00E1117C /* Sources */ = {
			isa = PBXSourcesBuildPhase;
			buildActionMask = 2147483647;
			files = (
				BA46828A246F27CB00E1117C /* FingerPainting.xcdatamodeld in Sources */,
				BA468284246F27CB00E1117C /* ViewController.swift in Sources */,
				BA468280246F27CB00E1117C /* AppDelegate.swift in Sources */,
				BA468282246F27CB00E1117C /* SceneDelegate.swift in Sources */,
			);
			runOnlyForDeploymentPostprocessing = 0;
		};
/* End PBXSourcesBuildPhase section */

/* Begin PBXVariantGroup section */
		BA468285246F27CB00E1117C /* Main.storyboard */ = {
			isa = PBXVariantGroup;
			children = (
				BA468286246F27CB00E1117C /* Base */,
			);
			name = Main.storyboard;
			sourceTree = "<group>";
		};
		BA46828D246F27CD00E1117C /* LaunchScreen.storyboard */ = {
			isa = PBXVariantGroup;
			children = (
				BA46828E246F27CD00E1117C /* Base */,
			);
			name = LaunchScreen.storyboard;
			sourceTree = "<group>";
		};
/* End PBXVariantGroup section */

/* Begin XCBuildConfiguration section */
		BA468291246F27CD00E1117C /* Debug */ = {
			isa = XCBuildConfiguration;
			buildSettings = {
				ALWAYS_SEARCH_USER_PATHS = NO;
				CLANG_ANALYZER_NONNULL = YES;
				CLANG_ANALYZER_NUMBER_OBJECT_CONVERSION = YES_AGGRESSIVE;
				CLANG_CXX_LANGUAGE_STANDARD = "gnu++14";
				CLANG_CXX_LIBRARY = "libc++";
				CLANG_ENABLE_MODULES = YES;
				CLANG_ENABLE_OBJC_ARC = YES;
				CLANG_ENABLE_OBJC_WEAK = YES;
				CLANG_WARN_BLOCK_CAPTURE_AUTORELEASING = YES;
				CLANG_WARN_BOOL_CONVERSION = YES;
				CLANG_WARN_COMMA = YES;
				CLANG_WARN_CONSTANT_CONVERSION = YES;
				CLANG_WARN_DEPRECATED_OBJC_IMPLEMENTATIONS = YES;
				CLANG_WARN_DIRECT_OBJC_ISA_USAGE = YES_ERROR;
				CLANG_WARN_DOCUMENTATION_COMMENTS = YES;
				CLANG_WARN_EMPTY_BODY = YES;
				CLANG_WARN_ENUM_CONVERSION = YES;
				CLANG_WARN_INFINITE_RECURSION = YES;
				CLANG_WARN_INT_CONVERSION = YES;
				CLANG_WARN_NON_LITERAL_NULL_CONVERSION = YES;
				CLANG_WARN_OBJC_IMPLICIT_RETAIN_SELF = YES;
				CLANG_WARN_OBJC_LITERAL_CONVERSION = YES;
				CLANG_WARN_OBJC_ROOT_CLASS = YES_ERROR;
				CLANG_WARN_RANGE_LOOP_ANALYSIS = YES;
				CLANG_WARN_STRICT_PROTOTYPES = YES;
				CLANG_WARN_SUSPICIOUS_MOVE = YES;
				CLANG_WARN_UNGUARDED_AVAILABILITY = YES_AGGRESSIVE;
				CLANG_WARN_UNREACHABLE_CODE = YES;
				CLANG_WARN__DUPLICATE_METHOD_MATCH = YES;
				COPY_PHASE_STRIP = NO;
				DEBUG_INFORMATION_FORMAT = dwarf;
				ENABLE_STRICT_OBJC_MSGSEND = YES;
				ENABLE_TESTABILITY = YES;
				GCC_C_LANGUAGE_STANDARD = gnu11;
				GCC_DYNAMIC_NO_PIC = NO;
				GCC_NO_COMMON_BLOCKS = YES;
				GCC_OPTIMIZATION_LEVEL = 0;
				GCC_PREPROCESSOR_DEFINITIONS = (
					"DEBUG=1",
					"$(inherited)",
				);
				GCC_WARN_64_TO_32_BIT_CONVERSION = YES;
				GCC_WARN_ABOUT_RETURN_TYPE = YES_ERROR;
				GCC_WARN_UNDECLARED_SELECTOR = YES;
				GCC_WARN_UNINITIALIZED_AUTOS = YES_AGGRESSIVE;
				GCC_WARN_UNUSED_FUNCTION = YES;
				GCC_WARN_UNUSED_VARIABLE = YES;
				IPHONEOS_DEPLOYMENT_TARGET = 13.4;
				MTL_ENABLE_DEBUG_INFO = INCLUDE_SOURCE;
				MTL_FAST_MATH = YES;
				ONLY_ACTIVE_ARCH = YES;
				SDKROOT = iphoneos;
				SWIFT_ACTIVE_COMPILATION_CONDITIONS = DEBUG;
				SWIFT_OPTIMIZATION_LEVEL = "-Onone";
			};
			name = Debug;
		};
		BA468292246F27CD00E1117C /* Release */ = {
			isa = XCBuildConfiguration;
			buildSettings = {
				ALWAYS_SEARCH_USER_PATHS = NO;
				CLANG_ANALYZER_NONNULL = YES;
				CLANG_ANALYZER_NUMBER_OBJECT_CONVERSION = YES_AGGRESSIVE;
				CLANG_CXX_LANGUAGE_STANDARD = "gnu++14";
				CLANG_CXX_LIBRARY = "libc++";
				CLANG_ENABLE_MODULES = YES;
				CLANG_ENABLE_OBJC_ARC = YES;
				CLANG_ENABLE_OBJC_WEAK = YES;
				CLANG_WARN_BLOCK_CAPTURE_AUTORELEASING = YES;
				CLANG_WARN_BOOL_CONVERSION = YES;
				CLANG_WARN_COMMA = YES;
				CLANG_WARN_CONSTANT_CONVERSION = YES;
				CLANG_WARN_DEPRECATED_OBJC_IMPLEMENTATIONS = YES;
				CLANG_WARN_DIRECT_OBJC_ISA_USAGE = YES_ERROR;
				CLANG_WARN_DOCUMENTATION_COMMENTS = YES;
				CLANG_WARN_EMPTY_BODY = YES;
				CLANG_WARN_ENUM_CONVERSION = YES;
				CLANG_WARN_INFINITE_RECURSION = YES;
				CLANG_WARN_INT_CONVERSION = YES;
				CLANG_WARN_NON_LITERAL_NULL_CONVERSION = YES;
				CLANG_WARN_OBJC_IMPLICIT_RETAIN_SELF = YES;
				CLANG_WARN_OBJC_LITERAL_CONVERSION = YES;
				CLANG_WARN_OBJC_ROOT_CLASS = YES_ERROR;
				CLANG_WARN_RANGE_LOOP_ANALYSIS = YES;
				CLANG_WARN_STRICT_PROTOTYPES = YES;
				CLANG_WARN_SUSPICIOUS_MOVE = YES;
				CLANG_WARN_UNGUARDED_AVAILABILITY = YES_AGGRESSIVE;
				CLANG_WARN_UNREACHABLE_CODE = YES;
				CLANG_WARN__DUPLICATE_METHOD_MATCH = YES;
				COPY_PHASE_STRIP = NO;
				DEBUG_INFORMATION_FORMAT = "dwarf-with-dsym";
				ENABLE_NS_ASSERTIONS = NO;
				ENABLE_STRICT_OBJC_MSGSEND = YES;
				GCC_C_LANGUAGE_STANDARD = gnu11;
				GCC_NO_COMMON_BLOCKS = YES;
				GCC_WARN_64_TO_32_BIT_CONVERSION = YES;
				GCC_WARN_ABOUT_RETURN_TYPE = YES_ERROR;
				GCC_WARN_UNDECLARED_SELECTOR = YES;
				GCC_WARN_UNINITIALIZED_AUTOS = YES_AGGRESSIVE;
				GCC_WARN_UNUSED_FUNCTION = YES;
				GCC_WARN_UNUSED_VARIABLE = YES;
				IPHONEOS_DEPLOYMENT_TARGET = 13.4;
				MTL_ENABLE_DEBUG_INFO = NO;
				MTL_FAST_MATH = YES;
				SDKROOT = iphoneos;
				SWIFT_COMPILATION_MODE = wholemodule;
				SWIFT_OPTIMIZATION_LEVEL = "-O";
				VALIDATE_PRODUCT = YES;
			};
			name = Release;
		};
		BA468294246F27CD00E1117C /* Debug */ = {
			isa = XCBuildConfiguration;
			buildSettings = {
				ASSETCATALOG_COMPILER_APPICON_NAME = AppIcon;
				CODE_SIGN_STYLE = Automatic;
				INFOPLIST_FILE = FingerPainting/Info.plist;
				LD_RUNPATH_SEARCH_PATHS = (
					"$(inherited)",
					"@executable_path/Frameworks",
				);
				PRODUCT_BUNDLE_IDENTIFIER = com.ta.FingerPainting;
				PRODUCT_NAME = "$(TARGET_NAME)";
				SWIFT_VERSION = 5.0;
				TARGETED_DEVICE_FAMILY = "1,2";
			};
			name = Debug;
		};
		BA468295246F27CD00E1117C /* Release */ = {
			isa = XCBuildConfiguration;
			buildSettings = {
				ASSETCATALOG_COMPILER_APPICON_NAME = AppIcon;
				CODE_SIGN_STYLE = Automatic;
				INFOPLIST_FILE = FingerPainting/Info.plist;
				LD_RUNPATH_SEARCH_PATHS = (
					"$(inherited)",
					"@executable_path/Frameworks",
				);
				PRODUCT_BUNDLE_IDENTIFIER = com.ta.FingerPainting;
				PRODUCT_NAME = "$(TARGET_NAME)";
				SWIFT_VERSION = 5.0;
				TARGETED_DEVICE_FAMILY = "1,2";
			};
			name = Release;
		};
/* End XCBuildConfiguration section */

/* Begin XCConfigurationList section */
		BA468277246F27CB00E1117C /* Build configuration list for PBXProject "FingerPainting" */ = {
			isa = XCConfigurationList;
			buildConfigurations = (
				BA468291246F27CD00E1117C /* Debug */,
				BA468292246F27CD00E1117C /* Release */,
			);
			defaultConfigurationIsVisible = 0;
			defaultConfigurationName = Release;
		};
		BA468293246F27CD00E1117C /* Build configuration list for PBXNativeTarget "FingerPainting" */ = {
			isa = XCConfigurationList;
			buildConfigurations = (
				BA468294246F27CD00E1117C /* Debug */,
				BA468295246F27CD00E1117C /* Release */,
			);
			defaultConfigurationIsVisible = 0;
			defaultConfigurationName = Release;
		};
/* End XCConfigurationList section */

/* Begin XCVersionGroup section */
		BA468288246F27CB00E1117C /* FingerPainting.xcdatamodeld */ = {
			isa = XCVersionGroup;
			children = (
				BA468289246F27CB00E1117C /* FingerPainting.xcdatamodel */,
			);
			currentVersion = BA468289246F27CB00E1117C /* FingerPainting.xcdatamodel */;
			path = FingerPainting.xcdatamodeld;
			sourceTree = "<group>";
			versionGroupType = wrapper.xcdatamodel;
		};
/* End XCVersionGroup section */
	};
	rootObject = BA468274246F27CB00E1117C /* Project object */;
}
